// !$*UTF8*$!
{
	archiveVersion = 1;
	classes = {
	};
	objectVersion = 77;
	objects = {

/* Begin PBXBuildFile section */
		BDAB4C5B2D1D932D0063FFAD /* RedZen Extension.appex in Embed Foundation Extensions */ = {isa = PBXBuildFile; fileRef = BDAB4C5A2D1D932D0063FFAD /* RedZen Extension.appex */; settings = {ATTRIBUTES = (RemoveHeadersOnCopy, ); }; };
		BDAB4C652D1D932D0063FFAD /* RedZen Extension.appex in Embed Foundation Extensions */ = {isa = PBXBuildFile; fileRef = BDAB4C642D1D932D0063FFAD /* RedZen Extension.appex */; settings = {ATTRIBUTES = (RemoveHeadersOnCopy, ); }; };
/* End PBXBuildFile section */

/* Begin PBXContainerItemProxy section */
		BDAB4C5C2D1D932D0063FFAD /* PBXContainerItemProxy */ = {
			isa = PBXContainerItemProxy;
			containerPortal = BDAB4C202D1D932C0063FFAD /* Project object */;
			proxyType = 1;
			remoteGlobalIDString = BDAB4C592D1D932D0063FFAD;
			remoteInfo = "RedZen Extension (iOS)";
		};
		BDAB4C662D1D932D0063FFAD /* PBXContainerItemProxy */ = {
			isa = PBXContainerItemProxy;
			containerPortal = BDAB4C202D1D932C0063FFAD /* Project object */;
			proxyType = 1;
			remoteGlobalIDString = BDAB4C632D1D932D0063FFAD;
			remoteInfo = "RedZen Extension (macOS)";
		};
/* End PBXContainerItemProxy section */

/* Begin PBXCopyFilesBuildPhase section */
		BDAB4C8E2D1D932D0063FFAD /* Embed Foundation Extensions */ = {
			isa = PBXCopyFilesBuildPhase;
			buildActionMask = 2147483647;
			dstPath = "";
			dstSubfolderSpec = 13;
			files = (
				BDAB4C5B2D1D932D0063FFAD /* RedZen Extension.appex in Embed Foundation Extensions */,
			);
			name = "Embed Foundation Extensions";
			runOnlyForDeploymentPostprocessing = 0;
		};
		BDAB4C982D1D932D0063FFAD /* Embed Foundation Extensions */ = {
			isa = PBXCopyFilesBuildPhase;
			buildActionMask = 2147483647;
			dstPath = "";
			dstSubfolderSpec = 13;
			files = (
				BDAB4C652D1D932D0063FFAD /* RedZen Extension.appex in Embed Foundation Extensions */,
			);
			name = "Embed Foundation Extensions";
			runOnlyForDeploymentPostprocessing = 0;
		};
/* End PBXCopyFilesBuildPhase section */

/* Begin PBXFileReference section */
		BDAB4C3C2D1D932D0063FFAD /* RedZen.app */ = {isa = PBXFileReference; explicitFileType = wrapper.application; includeInIndex = 0; path = RedZen.app; sourceTree = BUILT_PRODUCTS_DIR; };
		BDAB4C4E2D1D932D0063FFAD /* RedZen.app */ = {isa = PBXFileReference; explicitFileType = wrapper.application; includeInIndex = 0; path = RedZen.app; sourceTree = BUILT_PRODUCTS_DIR; };
		BDAB4C5A2D1D932D0063FFAD /* RedZen Extension.appex */ = {isa = PBXFileReference; explicitFileType = "wrapper.app-extension"; includeInIndex = 0; path = "RedZen Extension.appex"; sourceTree = BUILT_PRODUCTS_DIR; };
		BDAB4C642D1D932D0063FFAD /* RedZen Extension.appex */ = {isa = PBXFileReference; explicitFileType = "wrapper.app-extension"; includeInIndex = 0; path = "RedZen Extension.appex"; sourceTree = BUILT_PRODUCTS_DIR; };
/* End PBXFileReference section */

/* Begin PBXFileSystemSynchronizedBuildFileExceptionSet section */
		BDAB4C892D1D932D0063FFAD /* Exceptions for "Shared (App)" folder in "RedZen (iOS)" target */ = {
			isa = PBXFileSystemSynchronizedBuildFileExceptionSet;
			membershipExceptions = (
				"/Localized: Resources/Main.html",
				Assets.xcassets,
				Resources/Script.js,
				Resources/Style.css,
				ViewController.swift,
			);
			target = BDAB4C3B2D1D932D0063FFAD /* RedZen (iOS) */;
		};
		BDAB4C8D2D1D932D0063FFAD /* Exceptions for "iOS (Extension)" folder in "RedZen Extension (iOS)" target */ = {
			isa = PBXFileSystemSynchronizedBuildFileExceptionSet;
			membershipExceptions = (
				Info.plist,
			);
			target = BDAB4C592D1D932D0063FFAD /* RedZen Extension (iOS) */;
		};
		BDAB4C922D1D932D0063FFAD /* Exceptions for "iOS (App)" folder in "RedZen (iOS)" target */ = {
			isa = PBXFileSystemSynchronizedBuildFileExceptionSet;
			membershipExceptions = (
				Info.plist,
			);
			target = BDAB4C3B2D1D932D0063FFAD /* RedZen (iOS) */;
		};
		BDAB4C932D1D932D0063FFAD /* Exceptions for "Shared (App)" folder in "RedZen (macOS)" target */ = {
			isa = PBXFileSystemSynchronizedBuildFileExceptionSet;
			membershipExceptions = (
				"/Localized: Resources/Main.html",
				Assets.xcassets,
				Resources/Script.js,
				Resources/Style.css,
				ViewController.swift,
			);
			target = BDAB4C4D2D1D932D0063FFAD /* RedZen (macOS) */;
		};
		BDAB4C972D1D932D0063FFAD /* Exceptions for "macOS (Extension)" folder in "RedZen Extension (macOS)" target */ = {
			isa = PBXFileSystemSynchronizedBuildFileExceptionSet;
			membershipExceptions = (
				Info.plist,
			);
			target = BDAB4C632D1D932D0063FFAD /* RedZen Extension (macOS) */;
		};
		BDAB4C9C2D1D932D0063FFAD /* Exceptions for "Shared (Extension)" folder in "RedZen Extension (iOS)" target */ = {
			isa = PBXFileSystemSynchronizedBuildFileExceptionSet;
			membershipExceptions = (
				Resources/_locales,
				Resources/background.js,
				Resources/content.js,
				Resources/images,
				Resources/manifest.json,
				Resources/popup.css,
				Resources/popup.html,
				Resources/popup.js,
				SafariWebExtensionHandler.swift,
			);
			target = BDAB4C592D1D932D0063FFAD /* RedZen Extension (iOS) */;
		};
		BDAB4C9D2D1D932D0063FFAD /* Exceptions for "Shared (Extension)" folder in "RedZen Extension (macOS)" target */ = {
			isa = PBXFileSystemSynchronizedBuildFileExceptionSet;
			membershipExceptions = (
				Resources/_locales,
				Resources/background.js,
				Resources/content.js,
				Resources/images,
				Resources/manifest.json,
				Resources/popup.css,
				Resources/popup.html,
				Resources/popup.js,
				SafariWebExtensionHandler.swift,
			);
			target = BDAB4C632D1D932D0063FFAD /* RedZen Extension (macOS) */;
		};
/* End PBXFileSystemSynchronizedBuildFileExceptionSet section */

/* Begin PBXFileSystemSynchronizedRootGroup section */
		BDAB4C242D1D932D0063FFAD /* Shared (App) */ = {
			isa = PBXFileSystemSynchronizedRootGroup;
			exceptions = (
				BDAB4C892D1D932D0063FFAD /* Exceptions for "Shared (App)" folder in "RedZen (iOS)" target */,
				BDAB4C932D1D932D0063FFAD /* Exceptions for "Shared (App)" folder in "RedZen (macOS)" target */,
			);
			path = "Shared (App)";
			sourceTree = "<group>";
		};
		BDAB4C2D2D1D932D0063FFAD /* Shared (Extension) */ = {
			isa = PBXFileSystemSynchronizedRootGroup;
			exceptions = (
				BDAB4C9C2D1D932D0063FFAD /* Exceptions for "Shared (Extension)" folder in "RedZen Extension (iOS)" target */,
				BDAB4C9D2D1D932D0063FFAD /* Exceptions for "Shared (Extension)" folder in "RedZen Extension (macOS)" target */,
			);
			explicitFolders = (
				Resources/_locales,
				Resources/images,
			);
			path = "Shared (Extension)";
			sourceTree = "<group>";
		};
		BDAB4C3E2D1D932D0063FFAD /* iOS (App) */ = {
			isa = PBXFileSystemSynchronizedRootGroup;
			exceptions = (
				BDAB4C922D1D932D0063FFAD /* Exceptions for "iOS (App)" folder in "RedZen (iOS)" target */,
			);
			path = "iOS (App)";
			sourceTree = "<group>";
		};
		BDAB4C4F2D1D932D0063FFAD /* macOS (App) */ = {
			isa = PBXFileSystemSynchronizedRootGroup;
			path = "macOS (App)";
			sourceTree = "<group>";
		};
		BDAB4C5E2D1D932D0063FFAD /* iOS (Extension) */ = {
			isa = PBXFileSystemSynchronizedRootGroup;
			exceptions = (
				BDAB4C8D2D1D932D0063FFAD /* Exceptions for "iOS (Extension)" folder in "RedZen Extension (iOS)" target */,
			);
			path = "iOS (Extension)";
			sourceTree = "<group>";
		};
		BDAB4C682D1D932D0063FFAD /* macOS (Extension) */ = {
			isa = PBXFileSystemSynchronizedRootGroup;
			exceptions = (
				BDAB4C972D1D932D0063FFAD /* Exceptions for "macOS (Extension)" folder in "RedZen Extension (macOS)" target */,
			);
			path = "macOS (Extension)";
			sourceTree = "<group>";
		};
/* End PBXFileSystemSynchronizedRootGroup section */

/* Begin PBXFrameworksBuildPhase section */
		BDAB4C392D1D932D0063FFAD /* Frameworks */ = {
			isa = PBXFrameworksBuildPhase;
			buildActionMask = 2147483647;
			files = (
			);
			runOnlyForDeploymentPostprocessing = 0;
		};
		BDAB4C4B2D1D932D0063FFAD /* Frameworks */ = {
			isa = PBXFrameworksBuildPhase;
			buildActionMask = 2147483647;
			files = (
			);
			runOnlyForDeploymentPostprocessing = 0;
		};
		BDAB4C572D1D932D0063FFAD /* Frameworks */ = {
			isa = PBXFrameworksBuildPhase;
			buildActionMask = 2147483647;
			files = (
			);
			runOnlyForDeploymentPostprocessing = 0;
		};
		BDAB4C612D1D932D0063FFAD /* Frameworks */ = {
			isa = PBXFrameworksBuildPhase;
			buildActionMask = 2147483647;
			files = (
			);
			runOnlyForDeploymentPostprocessing = 0;
		};
/* End PBXFrameworksBuildPhase section */

/* Begin PBXGroup section */
		BDAB4C1F2D1D932C0063FFAD = {
			isa = PBXGroup;
			children = (
				BDAB4C242D1D932D0063FFAD /* Shared (App) */,
				BDAB4C2D2D1D932D0063FFAD /* Shared (Extension) */,
				BDAB4C3E2D1D932D0063FFAD /* iOS (App) */,
				BDAB4C4F2D1D932D0063FFAD /* macOS (App) */,
				BDAB4C5E2D1D932D0063FFAD /* iOS (Extension) */,
				BDAB4C682D1D932D0063FFAD /* macOS (Extension) */,
				BDAB4C3D2D1D932D0063FFAD /* Products */,
			);
			sourceTree = "<group>";
		};
		BDAB4C3D2D1D932D0063FFAD /* Products */ = {
			isa = PBXGroup;
			children = (
				BDAB4C3C2D1D932D0063FFAD /* RedZen.app */,
				BDAB4C4E2D1D932D0063FFAD /* RedZen.app */,
				BDAB4C5A2D1D932D0063FFAD /* RedZen Extension.appex */,
				BDAB4C642D1D932D0063FFAD /* RedZen Extension.appex */,
			);
			name = Products;
			sourceTree = "<group>";
		};
/* End PBXGroup section */

/* Begin PBXNativeTarget section */
		BDAB4C3B2D1D932D0063FFAD /* RedZen (iOS) */ = {
			isa = PBXNativeTarget;
			buildConfigurationList = BDAB4C8F2D1D932D0063FFAD /* Build configuration list for PBXNativeTarget "RedZen (iOS)" */;
			buildPhases = (
				BDAB4C382D1D932D0063FFAD /* Sources */,
				BDAB4C392D1D932D0063FFAD /* Frameworks */,
				BDAB4C3A2D1D932D0063FFAD /* Resources */,
				BDAB4C8E2D1D932D0063FFAD /* Embed Foundation Extensions */,
			);
			buildRules = (
			);
			dependencies = (
				BDAB4C5D2D1D932D0063FFAD /* PBXTargetDependency */,
			);
			fileSystemSynchronizedGroups = (
				BDAB4C3E2D1D932D0063FFAD /* iOS (App) */,
			);
			name = "RedZen (iOS)";
			packageProductDependencies = (
			);
			productName = "RedZen (iOS)";
			productReference = BDAB4C3C2D1D932D0063FFAD /* RedZen.app */;
			productType = "com.apple.product-type.application";
		};
		BDAB4C4D2D1D932D0063FFAD /* RedZen (macOS) */ = {
			isa = PBXNativeTarget;
			buildConfigurationList = BDAB4C992D1D932D0063FFAD /* Build configuration list for PBXNativeTarget "RedZen (macOS)" */;
			buildPhases = (
				BDAB4C4A2D1D932D0063FFAD /* Sources */,
				BDAB4C4B2D1D932D0063FFAD /* Frameworks */,
				BDAB4C4C2D1D932D0063FFAD /* Resources */,
				BDAB4C982D1D932D0063FFAD /* Embed Foundation Extensions */,
			);
			buildRules = (
			);
			dependencies = (
				BDAB4C672D1D932D0063FFAD /* PBXTargetDependency */,
			);
			fileSystemSynchronizedGroups = (
				BDAB4C4F2D1D932D0063FFAD /* macOS (App) */,
			);
			name = "RedZen (macOS)";
			packageProductDependencies = (
			);
			productName = "RedZen (macOS)";
			productReference = BDAB4C4E2D1D932D0063FFAD /* RedZen.app */;
			productType = "com.apple.product-type.application";
		};
		BDAB4C592D1D932D0063FFAD /* RedZen Extension (iOS) */ = {
			isa = PBXNativeTarget;
			buildConfigurationList = BDAB4C8A2D1D932D0063FFAD /* Build configuration list for PBXNativeTarget "RedZen Extension (iOS)" */;
			buildPhases = (
				BDAB4C562D1D932D0063FFAD /* Sources */,
				BDAB4C572D1D932D0063FFAD /* Frameworks */,
				BDAB4C582D1D932D0063FFAD /* Resources */,
			);
			buildRules = (
			);
			dependencies = (
			);
			fileSystemSynchronizedGroups = (
				BDAB4C5E2D1D932D0063FFAD /* iOS (Extension) */,
			);
			name = "RedZen Extension (iOS)";
			packageProductDependencies = (
			);
			productName = "RedZen Extension (iOS)";
			productReference = BDAB4C5A2D1D932D0063FFAD /* RedZen Extension.appex */;
			productType = "com.apple.product-type.app-extension";
		};
		BDAB4C632D1D932D0063FFAD /* RedZen Extension (macOS) */ = {
			isa = PBXNativeTarget;
			buildConfigurationList = BDAB4C942D1D932D0063FFAD /* Build configuration list for PBXNativeTarget "RedZen Extension (macOS)" */;
			buildPhases = (
				BDAB4C602D1D932D0063FFAD /* Sources */,
				BDAB4C612D1D932D0063FFAD /* Frameworks */,
				BDAB4C622D1D932D0063FFAD /* Resources */,
			);
			buildRules = (
			);
			dependencies = (
			);
			fileSystemSynchronizedGroups = (
				BDAB4C682D1D932D0063FFAD /* macOS (Extension) */,
			);
			name = "RedZen Extension (macOS)";
			packageProductDependencies = (
			);
			productName = "RedZen Extension (macOS)";
			productReference = BDAB4C642D1D932D0063FFAD /* RedZen Extension.appex */;
			productType = "com.apple.product-type.app-extension";
		};
/* End PBXNativeTarget section */

/* Begin PBXProject section */
		BDAB4C202D1D932C0063FFAD /* Project object */ = {
			isa = PBXProject;
			attributes = {
				BuildIndependentTargetsInParallel = 1;
				LastSwiftUpdateCheck = 1620;
				LastUpgradeCheck = 1620;
				TargetAttributes = {
					BDAB4C3B2D1D932D0063FFAD = {
						CreatedOnToolsVersion = 16.2;
					};
					BDAB4C4D2D1D932D0063FFAD = {
						CreatedOnToolsVersion = 16.2;
					};
					BDAB4C592D1D932D0063FFAD = {
						CreatedOnToolsVersion = 16.2;
					};
					BDAB4C632D1D932D0063FFAD = {
						CreatedOnToolsVersion = 16.2;
					};
				};
			};
			buildConfigurationList = BDAB4C232D1D932C0063FFAD /* Build configuration list for PBXProject "RedZen" */;
			developmentRegion = en;
			hasScannedForEncodings = 0;
			knownRegions = (
				en,
				Base,
			);
			mainGroup = BDAB4C1F2D1D932C0063FFAD;
			minimizedProjectReferenceProxies = 1;
			preferredProjectObjectVersion = 77;
			productRefGroup = BDAB4C3D2D1D932D0063FFAD /* Products */;
			projectDirPath = "";
			projectRoot = "";
			targets = (
				BDAB4C3B2D1D932D0063FFAD /* RedZen (iOS) */,
				BDAB4C4D2D1D932D0063FFAD /* RedZen (macOS) */,
				BDAB4C592D1D932D0063FFAD /* RedZen Extension (iOS) */,
				BDAB4C632D1D932D0063FFAD /* RedZen Extension (macOS) */,
			);
		};
/* End PBXProject section */

/* Begin PBXResourcesBuildPhase section */
		BDAB4C3A2D1D932D0063FFAD /* Resources */ = {
			isa = PBXResourcesBuildPhase;
			buildActionMask = 2147483647;
			files = (
			);
			runOnlyForDeploymentPostprocessing = 0;
		};
		BDAB4C4C2D1D932D0063FFAD /* Resources */ = {
			isa = PBXResourcesBuildPhase;
			buildActionMask = 2147483647;
			files = (
			);
			runOnlyForDeploymentPostprocessing = 0;
		};
		BDAB4C582D1D932D0063FFAD /* Resources */ = {
			isa = PBXResourcesBuildPhase;
			buildActionMask = 2147483647;
			files = (
			);
			runOnlyForDeploymentPostprocessing = 0;
		};
		BDAB4C622D1D932D0063FFAD /* Resources */ = {
			isa = PBXResourcesBuildPhase;
			buildActionMask = 2147483647;
			files = (
			);
			runOnlyForDeploymentPostprocessing = 0;
		};
/* End PBXResourcesBuildPhase section */

/* Begin PBXSourcesBuildPhase section */
		BDAB4C382D1D932D0063FFAD /* Sources */ = {
			isa = PBXSourcesBuildPhase;
			buildActionMask = 2147483647;
			files = (
			);
			runOnlyForDeploymentPostprocessing = 0;
		};
		BDAB4C4A2D1D932D0063FFAD /* Sources */ = {
			isa = PBXSourcesBuildPhase;
			buildActionMask = 2147483647;
			files = (
			);
			runOnlyForDeploymentPostprocessing = 0;
		};
		BDAB4C562D1D932D0063FFAD /* Sources */ = {
			isa = PBXSourcesBuildPhase;
			buildActionMask = 2147483647;
			files = (
			);
			runOnlyForDeploymentPostprocessing = 0;
		};
		BDAB4C602D1D932D0063FFAD /* Sources */ = {
			isa = PBXSourcesBuildPhase;
			buildActionMask = 2147483647;
			files = (
			);
			runOnlyForDeploymentPostprocessing = 0;
		};
/* End PBXSourcesBuildPhase section */

/* Begin PBXTargetDependency section */
		BDAB4C5D2D1D932D0063FFAD /* PBXTargetDependency */ = {
			isa = PBXTargetDependency;
			target = BDAB4C592D1D932D0063FFAD /* RedZen Extension (iOS) */;
			targetProxy = BDAB4C5C2D1D932D0063FFAD /* PBXContainerItemProxy */;
		};
		BDAB4C672D1D932D0063FFAD /* PBXTargetDependency */ = {
			isa = PBXTargetDependency;
			target = BDAB4C632D1D932D0063FFAD /* RedZen Extension (macOS) */;
			targetProxy = BDAB4C662D1D932D0063FFAD /* PBXContainerItemProxy */;
		};
/* End PBXTargetDependency section */

/* Begin XCBuildConfiguration section */
		BDAB4C8B2D1D932D0063FFAD /* Debug */ = {
			isa = XCBuildConfiguration;
			buildSettings = {
				CODE_SIGN_STYLE = Automatic;
				CURRENT_PROJECT_VERSION = 1;
				DEVELOPMENT_TEAM = HT68XQTGC2;
				GENERATE_INFOPLIST_FILE = YES;
				INFOPLIST_FILE = "iOS (Extension)/Info.plist";
				INFOPLIST_KEY_CFBundleDisplayName = "RedZen Extension";
				INFOPLIST_KEY_NSHumanReadableCopyright = "";
				IPHONEOS_DEPLOYMENT_TARGET = 15.0;
				LD_RUNPATH_SEARCH_PATHS = (
					"$(inherited)",
					"@executable_path/Frameworks",
					"@executable_path/../../Frameworks",
				);
				MARKETING_VERSION = 1.0;
				OTHER_LDFLAGS = (
					"-framework",
					SafariServices,
				);
				PRODUCT_BUNDLE_IDENTIFIER = com.xiandeng.RedZen.Extension;
				PRODUCT_NAME = "RedZen Extension";
				SDKROOT = iphoneos;
				SKIP_INSTALL = YES;
				SWIFT_EMIT_LOC_STRINGS = YES;
				SWIFT_VERSION = 5.0;
				TARGETED_DEVICE_FAMILY = "1,2";
			};
			name = Debug;
		};
		BDAB4C8C2D1D932D0063FFAD /* Release */ = {
			isa = XCBuildConfiguration;
			buildSettings = {
				CODE_SIGN_STYLE = Automatic;
				CURRENT_PROJECT_VERSION = 1;
				DEVELOPMENT_TEAM = HT68XQTGC2;
				GENERATE_INFOPLIST_FILE = YES;
				INFOPLIST_FILE = "iOS (Extension)/Info.plist";
				INFOPLIST_KEY_CFBundleDisplayName = "RedZen Extension";
				INFOPLIST_KEY_NSHumanReadableCopyright = "";
				IPHONEOS_DEPLOYMENT_TARGET = 15.0;
				LD_RUNPATH_SEARCH_PATHS = (
					"$(inherited)",
					"@executable_path/Frameworks",
					"@executable_path/../../Frameworks",
				);
				MARKETING_VERSION = 1.0;
				OTHER_LDFLAGS = (
					"-framework",
					SafariServices,
				);
				PRODUCT_BUNDLE_IDENTIFIER = com.xiandeng.RedZen.Extension;
				PRODUCT_NAME = "RedZen Extension";
				SDKROOT = iphoneos;
				SKIP_INSTALL = YES;
				SWIFT_EMIT_LOC_STRINGS = YES;
				SWIFT_VERSION = 5.0;
				TARGETED_DEVICE_FAMILY = "1,2";
				VALIDATE_PRODUCT = YES;
			};
			name = Release;
		};
		BDAB4C902D1D932D0063FFAD /* Debug */ = {
			isa = XCBuildConfiguration;
			buildSettings = {
				ASSETCATALOG_COMPILER_APPICON_NAME = AppIcon;
				ASSETCATALOG_COMPILER_GLOBAL_ACCENT_COLOR_NAME = AccentColor;
				CODE_SIGN_STYLE = Automatic;
				CURRENT_PROJECT_VERSION = 1;
				DEVELOPMENT_TEAM = HT68XQTGC2;
				GENERATE_INFOPLIST_FILE = YES;
				INFOPLIST_FILE = "iOS (App)/Info.plist";
				INFOPLIST_KEY_CFBundleDisplayName = RedZen;
				INFOPLIST_KEY_UIApplicationSupportsIndirectInputEvents = YES;
				INFOPLIST_KEY_UILaunchStoryboardName = LaunchScreen;
				INFOPLIST_KEY_UIMainStoryboardFile = Main;
				INFOPLIST_KEY_UISupportedInterfaceOrientations = "UIInterfaceOrientationPortrait UIInterfaceOrientationLandscapeLeft UIInterfaceOrientationLandscapeRight";
				INFOPLIST_KEY_UISupportedInterfaceOrientations_iPad = "UIInterfaceOrientationPortrait UIInterfaceOrientationPortraitUpsideDown UIInterfaceOrientationLandscapeLeft UIInterfaceOrientationLandscapeRight";
				IPHONEOS_DEPLOYMENT_TARGET = 15.0;
				LD_RUNPATH_SEARCH_PATHS = (
					"$(inherited)",
					"@executable_path/Frameworks",
				);
				MARKETING_VERSION = 1.0;
				OTHER_LDFLAGS = (
					"-framework",
					SafariServices,
					"-framework",
					WebKit,
				);
				PRODUCT_BUNDLE_IDENTIFIER = com.xiandeng.RedZen;
				PRODUCT_NAME = RedZen;
				SDKROOT = iphoneos;
				SWIFT_EMIT_LOC_STRINGS = YES;
				SWIFT_VERSION = 5.0;
				TARGETED_DEVICE_FAMILY = "1,2";
			};
			name = Debug;
		};
		BDAB4C912D1D932D0063FFAD /* Release */ = {
			isa = XCBuildConfiguration;
			buildSettings = {
				ASSETCATALOG_COMPILER_APPICON_NAME = AppIcon;
				ASSETCATALOG_COMPILER_GLOBAL_ACCENT_COLOR_NAME = AccentColor;
				CODE_SIGN_STYLE = Automatic;
				CURRENT_PROJECT_VERSION = 1;
				DEVELOPMENT_TEAM = HT68XQTGC2;
				GENERATE_INFOPLIST_FILE = YES;
				INFOPLIST_FILE = "iOS (App)/Info.plist";
				INFOPLIST_KEY_CFBundleDisplayName = RedZen;
				INFOPLIST_KEY_UIApplicationSupportsIndirectInputEvents = YES;
				INFOPLIST_KEY_UILaunchStoryboardName = LaunchScreen;
				INFOPLIST_KEY_UIMainStoryboardFile = Main;
				INFOPLIST_KEY_UISupportedInterfaceOrientations = "UIInterfaceOrientationPortrait UIInterfaceOrientationLandscapeLeft UIInterfaceOrientationLandscapeRight";
				INFOPLIST_KEY_UISupportedInterfaceOrientations_iPad = "UIInterfaceOrientationPortrait UIInterfaceOrientationPortraitUpsideDown UIInterfaceOrientationLandscapeLeft UIInterfaceOrientationLandscapeRight";
				IPHONEOS_DEPLOYMENT_TARGET = 15.0;
				LD_RUNPATH_SEARCH_PATHS = (
					"$(inherited)",
					"@executable_path/Frameworks",
				);
				MARKETING_VERSION = 1.0;
				OTHER_LDFLAGS = (
					"-framework",
					SafariServices,
					"-framework",
					WebKit,
				);
				PRODUCT_BUNDLE_IDENTIFIER = com.xiandeng.RedZen;
				PRODUCT_NAME = RedZen;
				SDKROOT = iphoneos;
				SWIFT_EMIT_LOC_STRINGS = YES;
				SWIFT_VERSION = 5.0;
				TARGETED_DEVICE_FAMILY = "1,2";
				VALIDATE_PRODUCT = YES;
			};
			name = Release;
		};
		BDAB4C952D1D932D0063FFAD /* Debug */ = {
			isa = XCBuildConfiguration;
			buildSettings = {
				CODE_SIGN_ENTITLEMENTS = "macOS (Extension)/RedZen.entitlements";
				CODE_SIGN_STYLE = Automatic;
				CURRENT_PROJECT_VERSION = 1;
				DEVELOPMENT_TEAM = HT68XQTGC2;
				ENABLE_HARDENED_RUNTIME = YES;
				GENERATE_INFOPLIST_FILE = YES;
				INFOPLIST_FILE = "macOS (Extension)/Info.plist";
				INFOPLIST_KEY_CFBundleDisplayName = "RedZen Extension";
				INFOPLIST_KEY_NSHumanReadableCopyright = "";
				LD_RUNPATH_SEARCH_PATHS = (
					"$(inherited)",
					"@executable_path/../Frameworks",
					"@executable_path/../../../../Frameworks",
				);
				MACOSX_DEPLOYMENT_TARGET = 10.14;
				MARKETING_VERSION = 1.0;
				OTHER_LDFLAGS = (
					"-framework",
					SafariServices,
				);
				PRODUCT_BUNDLE_IDENTIFIER = com.xiandeng.RedZen.Extension;
				PRODUCT_NAME = "RedZen Extension";
				SDKROOT = macosx;
				SKIP_INSTALL = YES;
				SWIFT_EMIT_LOC_STRINGS = YES;
				SWIFT_VERSION = 5.0;
			};
			name = Debug;
		};
		BDAB4C962D1D932D0063FFAD /* Release */ = {
			isa = XCBuildConfiguration;
			buildSettings = {
				CODE_SIGN_ENTITLEMENTS = "macOS (Extension)/RedZen.entitlements";
				CODE_SIGN_STYLE = Automatic;
				CURRENT_PROJECT_VERSION = 1;
				DEVELOPMENT_TEAM = HT68XQTGC2;
				ENABLE_HARDENED_RUNTIME = YES;
				GENERATE_INFOPLIST_FILE = YES;
				INFOPLIST_FILE = "macOS (Extension)/Info.plist";
				INFOPLIST_KEY_CFBundleDisplayName = "RedZen Extension";
				INFOPLIST_KEY_NSHumanReadableCopyright = "";
				LD_RUNPATH_SEARCH_PATHS = (
					"$(inherited)",
					"@executable_path/../Frameworks",
					"@executable_path/../../../../Frameworks",
				);
				MACOSX_DEPLOYMENT_TARGET = 10.14;
				MARKETING_VERSION = 1.0;
				OTHER_LDFLAGS = (
					"-framework",
					SafariServices,
				);
				PRODUCT_BUNDLE_IDENTIFIER = com.xiandeng.RedZen.Extension;
				PRODUCT_NAME = "RedZen Extension";
				SDKROOT = macosx;
				SKIP_INSTALL = YES;
				SWIFT_EMIT_LOC_STRINGS = YES;
				SWIFT_VERSION = 5.0;
			};
			name = Release;
		};
		BDAB4C9A2D1D932D0063FFAD /* Debug */ = {
			isa = XCBuildConfiguration;
			buildSettings = {
				ASSETCATALOG_COMPILER_APPICON_NAME = AppIcon;
				ASSETCATALOG_COMPILER_GLOBAL_ACCENT_COLOR_NAME = AccentColor;
				CODE_SIGN_ENTITLEMENTS = "macOS (App)/RedZen.entitlements";
				CODE_SIGN_STYLE = Automatic;
				CURRENT_PROJECT_VERSION = 1;
				DEVELOPMENT_TEAM = HT68XQTGC2;
				ENABLE_HARDENED_RUNTIME = YES;
				GENERATE_INFOPLIST_FILE = YES;
				INFOPLIST_KEY_CFBundleDisplayName = RedZen;
				INFOPLIST_KEY_LSApplicationCategoryType = "public.app-category.productivity";
				INFOPLIST_KEY_NSMainStoryboardFile = Main;
				INFOPLIST_KEY_NSPrincipalClass = NSApplication;
				LD_RUNPATH_SEARCH_PATHS = (
					"$(inherited)",
					"@executable_path/../Frameworks",
				);
				MACOSX_DEPLOYMENT_TARGET = 10.14;
				MARKETING_VERSION = 1.0;
				OTHER_LDFLAGS = (
					"-framework",
					SafariServices,
					"-framework",
					WebKit,
				);
				PRODUCT_BUNDLE_IDENTIFIER = com.xiandeng.RedZen;
				PRODUCT_NAME = RedZen;
				SDKROOT = macosx;
				SWIFT_EMIT_LOC_STRINGS = YES;
				SWIFT_VERSION = 5.0;
			};
			name = Debug;
		};
		BDAB4C9B2D1D932D0063FFAD /* Release */ = {
			isa = XCBuildConfiguration;
			buildSettings = {
				ASSETCATALOG_COMPILER_APPICON_NAME = AppIcon;
				ASSETCATALOG_COMPILER_GLOBAL_ACCENT_COLOR_NAME = AccentColor;
				CODE_SIGN_ENTITLEMENTS = "macOS (App)/RedZen.entitlements";
				CODE_SIGN_STYLE = Automatic;
				CURRENT_PROJECT_VERSION = 1;
				DEVELOPMENT_TEAM = HT68XQTGC2;
				ENABLE_HARDENED_RUNTIME = YES;
				GENERATE_INFOPLIST_FILE = YES;
				INFOPLIST_KEY_CFBundleDisplayName = RedZen;
				INFOPLIST_KEY_LSApplicationCategoryType = "public.app-category.productivity";
				INFOPLIST_KEY_NSMainStoryboardFile = Main;
				INFOPLIST_KEY_NSPrincipalClass = NSApplication;
				LD_RUNPATH_SEARCH_PATHS = (
					"$(inherited)",
					"@executable_path/../Frameworks",
				);
				MACOSX_DEPLOYMENT_TARGET = 10.14;
				MARKETING_VERSION = 1.0;
				OTHER_LDFLAGS = (
					"-framework",
					SafariServices,
					"-framework",
					WebKit,
				);
				PRODUCT_BUNDLE_IDENTIFIER = com.xiandeng.RedZen;
				PRODUCT_NAME = RedZen;
				SDKROOT = macosx;
				SWIFT_EMIT_LOC_STRINGS = YES;
				SWIFT_VERSION = 5.0;
			};
			name = Release;
		};
		BDAB4C9E2D1D932D0063FFAD /* Debug */ = {
			isa = XCBuildConfiguration;
			buildSettings = {
				ALWAYS_SEARCH_USER_PATHS = NO;
				ASSETCATALOG_COMPILER_GENERATE_SWIFT_ASSET_SYMBOL_EXTENSIONS = YES;
				CLANG_ANALYZER_NONNULL = YES;
				CLANG_ANALYZER_NUMBER_OBJECT_CONVERSION = YES_AGGRESSIVE;
				CLANG_CXX_LANGUAGE_STANDARD = "gnu++20";
				CLANG_ENABLE_MODULES = YES;
				CLANG_ENABLE_OBJC_ARC = YES;
				CLANG_ENABLE_OBJC_WEAK = YES;
				CLANG_WARN_BLOCK_CAPTURE_AUTORELEASING = YES;
				CLANG_WARN_BOOL_CONVERSION = YES;
				CLANG_WARN_COMMA = YES;
				CLANG_WARN_CONSTANT_CONVERSION = YES;
				CLANG_WARN_DEPRECATED_OBJC_IMPLEMENTATIONS = YES;
				CLANG_WARN_DIRECT_OBJC_ISA_USAGE = YES_ERROR;
				CLANG_WARN_DOCUMENTATION_COMMENTS = YES;
				CLANG_WARN_EMPTY_BODY = YES;
				CLANG_WARN_ENUM_CONVERSION = YES;
				CLANG_WARN_INFINITE_RECURSION = YES;
				CLANG_WARN_INT_CONVERSION = YES;
				CLANG_WARN_NON_LITERAL_NULL_CONVERSION = YES;
				CLANG_WARN_OBJC_IMPLICIT_RETAIN_SELF = YES;
				CLANG_WARN_OBJC_LITERAL_CONVERSION = YES;
				CLANG_WARN_OBJC_ROOT_CLASS = YES_ERROR;
				CLANG_WARN_QUOTED_INCLUDE_IN_FRAMEWORK_HEADER = YES;
				CLANG_WARN_RANGE_LOOP_ANALYSIS = YES;
				CLANG_WARN_STRICT_PROTOTYPES = YES;
				CLANG_WARN_SUSPICIOUS_MOVE = YES;
				CLANG_WARN_UNGUARDED_AVAILABILITY = YES_AGGRESSIVE;
				CLANG_WARN_UNREACHABLE_CODE = YES;
				CLANG_WARN__DUPLICATE_METHOD_MATCH = YES;
				COPY_PHASE_STRIP = NO;
				DEBUG_INFORMATION_FORMAT = dwarf;
				ENABLE_STRICT_OBJC_MSGSEND = YES;
				ENABLE_TESTABILITY = YES;
				ENABLE_USER_SCRIPT_SANDBOXING = YES;
				GCC_C_LANGUAGE_STANDARD = gnu17;
				GCC_DYNAMIC_NO_PIC = NO;
				GCC_NO_COMMON_BLOCKS = YES;
				GCC_OPTIMIZATION_LEVEL = 0;
				GCC_PREPROCESSOR_DEFINITIONS = (
					"DEBUG=1",
					"$(inherited)",
				);
				GCC_WARN_64_TO_32_BIT_CONVERSION = YES;
				GCC_WARN_ABOUT_RETURN_TYPE = YES_ERROR;
				GCC_WARN_UNDECLARED_SELECTOR = YES;
				GCC_WARN_UNINITIALIZED_AUTOS = YES_AGGRESSIVE;
				GCC_WARN_UNUSED_FUNCTION = YES;
				GCC_WARN_UNUSED_VARIABLE = YES;
				LOCALIZATION_PREFERS_STRING_CATALOGS = YES;
				MTL_ENABLE_DEBUG_INFO = INCLUDE_SOURCE;
				MTL_FAST_MATH = YES;
				ONLY_ACTIVE_ARCH = YES;
				SWIFT_ACTIVE_COMPILATION_CONDITIONS = "DEBUG $(inherited)";
				SWIFT_OPTIMIZATION_LEVEL = "-Onone";
			};
			name = Debug;
		};
		BDAB4C9F2D1D932D0063FFAD /* Release */ = {
			isa = XCBuildConfiguration;
			buildSettings = {
				ALWAYS_SEARCH_USER_PATHS = NO;
				ASSETCATALOG_COMPILER_GENERATE_SWIFT_ASSET_SYMBOL_EXTENSIONS = YES;
				CLANG_ANALYZER_NONNULL = YES;
				CLANG_ANALYZER_NUMBER_OBJECT_CONVERSION = YES_AGGRESSIVE;
				CLANG_CXX_LANGUAGE_STANDARD = "gnu++20";
				CLANG_ENABLE_MODULES = YES;
				CLANG_ENABLE_OBJC_ARC = YES;
				CLANG_ENABLE_OBJC_WEAK = YES;
				CLANG_WARN_BLOCK_CAPTURE_AUTORELEASING = YES;
				CLANG_WARN_BOOL_CONVERSION = YES;
				CLANG_WARN_COMMA = YES;
				CLANG_WARN_CONSTANT_CONVERSION = YES;
				CLANG_WARN_DEPRECATED_OBJC_IMPLEMENTATIONS = YES;
				CLANG_WARN_DIRECT_OBJC_ISA_USAGE = YES_ERROR;
				CLANG_WARN_DOCUMENTATION_COMMENTS = YES;
				CLANG_WARN_EMPTY_BODY = YES;
				CLANG_WARN_ENUM_CONVERSION = YES;
				CLANG_WARN_INFINITE_RECURSION = YES;
				CLANG_WARN_INT_CONVERSION = YES;
				CLANG_WARN_NON_LITERAL_NULL_CONVERSION = YES;
				CLANG_WARN_OBJC_IMPLICIT_RETAIN_SELF = YES;
				CLANG_WARN_OBJC_LITERAL_CONVERSION = YES;
				CLANG_WARN_OBJC_ROOT_CLASS = YES_ERROR;
				CLANG_WARN_QUOTED_INCLUDE_IN_FRAMEWORK_HEADER = YES;
				CLANG_WARN_RANGE_LOOP_ANALYSIS = YES;
				CLANG_WARN_STRICT_PROTOTYPES = YES;
				CLANG_WARN_SUSPICIOUS_MOVE = YES;
				CLANG_WARN_UNGUARDED_AVAILABILITY = YES_AGGRESSIVE;
				CLANG_WARN_UNREACHABLE_CODE = YES;
				CLANG_WARN__DUPLICATE_METHOD_MATCH = YES;
				COPY_PHASE_STRIP = NO;
				DEBUG_INFORMATION_FORMAT = "dwarf-with-dsym";
				ENABLE_NS_ASSERTIONS = NO;
				ENABLE_STRICT_OBJC_MSGSEND = YES;
				ENABLE_USER_SCRIPT_SANDBOXING = YES;
				GCC_C_LANGUAGE_STANDARD = gnu17;
				GCC_NO_COMMON_BLOCKS = YES;
				GCC_WARN_64_TO_32_BIT_CONVERSION = YES;
				GCC_WARN_ABOUT_RETURN_TYPE = YES_ERROR;
				GCC_WARN_UNDECLARED_SELECTOR = YES;
				GCC_WARN_UNINITIALIZED_AUTOS = YES_AGGRESSIVE;
				GCC_WARN_UNUSED_FUNCTION = YES;
				GCC_WARN_UNUSED_VARIABLE = YES;
				LOCALIZATION_PREFERS_STRING_CATALOGS = YES;
				MTL_ENABLE_DEBUG_INFO = NO;
				MTL_FAST_MATH = YES;
				SWIFT_COMPILATION_MODE = wholemodule;
			};
			name = Release;
		};
/* End XCBuildConfiguration section */

/* Begin XCConfigurationList section */
		BDAB4C232D1D932C0063FFAD /* Build configuration list for PBXProject "RedZen" */ = {
			isa = XCConfigurationList;
			buildConfigurations = (
				BDAB4C9E2D1D932D0063FFAD /* Debug */,
				BDAB4C9F2D1D932D0063FFAD /* Release */,
			);
			defaultConfigurationIsVisible = 0;
			defaultConfigurationName = Release;
		};
		BDAB4C8A2D1D932D0063FFAD /* Build configuration list for PBXNativeTarget "RedZen Extension (iOS)" */ = {
			isa = XCConfigurationList;
			buildConfigurations = (
				BDAB4C8B2D1D932D0063FFAD /* Debug */,
				BDAB4C8C2D1D932D0063FFAD /* Release */,
			);
			defaultConfigurationIsVisible = 0;
			defaultConfigurationName = Release;
		};
		BDAB4C8F2D1D932D0063FFAD /* Build configuration list for PBXNativeTarget "RedZen (iOS)" */ = {
			isa = XCConfigurationList;
			buildConfigurations = (
				BDAB4C902D1D932D0063FFAD /* Debug */,
				BDAB4C912D1D932D0063FFAD /* Release */,
			);
			defaultConfigurationIsVisible = 0;
			defaultConfigurationName = Release;
		};
		BDAB4C942D1D932D0063FFAD /* Build configuration list for PBXNativeTarget "RedZen Extension (macOS)" */ = {
			isa = XCConfigurationList;
			buildConfigurations = (
				BDAB4C952D1D932D0063FFAD /* Debug */,
				BDAB4C962D1D932D0063FFAD /* Release */,
			);
			defaultConfigurationIsVisible = 0;
			defaultConfigurationName = Release;
		};
		BDAB4C992D1D932D0063FFAD /* Build configuration list for PBXNativeTarget "RedZen (macOS)" */ = {
			isa = XCConfigurationList;
			buildConfigurations = (
				BDAB4C9A2D1D932D0063FFAD /* Debug */,
				BDAB4C9B2D1D932D0063FFAD /* Release */,
			);
			defaultConfigurationIsVisible = 0;
			defaultConfigurationName = Release;
		};
/* End XCConfigurationList section */
	};
	rootObject = BDAB4C202D1D932C0063FFAD /* Project object */;
}
